// !$*UTF8*$!
{
	archiveVersion = 1;
	classes = {
	};
	objectVersion = 48;
	objects = {

/* Begin PBXBuildFile section */
		8461F99C202B5ACA00C33CCD /* AppDelegate.swift in Sources */ = {isa = PBXBuildFile; fileRef = 8461F99B202B5ACA00C33CCD /* AppDelegate.swift */; };
		8461F99E202B5ACA00C33CCD /* ViewController.swift in Sources */ = {isa = PBXBuildFile; fileRef = 8461F99D202B5ACA00C33CCD /* ViewController.swift */; };
		8461F9A1202B5ACA00C33CCD /* Main.storyboard in Resources */ = {isa = PBXBuildFile; fileRef = 8461F99F202B5ACA00C33CCD /* Main.storyboard */; };
		8461F9A3202B5ACA00C33CCD /* Assets.xcassets in Resources */ = {isa = PBXBuildFile; fileRef = 8461F9A2202B5ACA00C33CCD /* Assets.xcassets */; };
		8461F9A6202B5ACA00C33CCD /* LaunchScreen.storyboard in Resources */ = {isa = PBXBuildFile; fileRef = 8461F9A4202B5ACA00C33CCD /* LaunchScreen.storyboard */; };
/* End PBXBuildFile section */

/* Begin PBXFileReference section */
		8461F998202B5ACA00C33CCD /* FingerprintLock.app */ = {isa = PBXFileReference; explicitFileType = wrapper.application; includeInIndex = 0; path = FingerprintLock.app; sourceTree = BUILT_PRODUCTS_DIR; };
		8461F99B202B5ACA00C33CCD /* AppDelegate.swift */ = {isa = PBXFileReference; lastKnownFileType = sourcecode.swift; path = AppDelegate.swift; sourceTree = "<group>"; };
		8461F99D202B5ACA00C33CCD /* ViewController.swift */ = {isa = PBXFileReference; lastKnownFileType = sourcecode.swift; path = ViewController.swift; sourceTree = "<group>"; };
		8461F9A0202B5ACA00C33CCD /* Base */ = {isa = PBXFileReference; lastKnownFileType = file.storyboard; name = Base; path = Base.lproj/Main.storyboard; sourceTree = "<group>"; };
		8461F9A2202B5ACA00C33CCD /* Assets.xcassets */ = {isa = PBXFileReference; lastKnownFileType = folder.assetcatalog; path = Assets.xcassets; sourceTree = "<group>"; };
		8461F9A5202B5ACA00C33CCD /* Base */ = {isa = PBXFileReference; lastKnownFileType = file.storyboard; name = Base; path = Base.lproj/LaunchScreen.storyboard; sourceTree = "<group>"; };
		8461F9A7202B5ACA00C33CCD /* Info.plist */ = {isa = PBXFileReference; lastKnownFileType = text.plist.xml; path = Info.plist; sourceTree = "<group>"; };
/* End PBXFileReference section */

/* Begin PBXFrameworksBuildPhase section */
		8461F995202B5ACA00C33CCD /* Frameworks */ = {
			isa = PBXFrameworksBuildPhase;
			buildActionMask = 2147483647;
			files = (
			);
			runOnlyForDeploymentPostprocessing = 0;
		};
/* End PBXFrameworksBuildPhase section */

/* Begin PBXGroup section */
		8461F98F202B5ACA00C33CCD = {
			isa = PBXGroup;
			children = (
				8461F99A202B5ACA00C33CCD /* FingerprintLock */,
				8461F999202B5ACA00C33CCD /* Products */,
			);
			sourceTree = "<group>";
		};
		8461F999202B5ACA00C33CCD /* Products */ = {
			isa = PBXGroup;
			children = (
				8461F998202B5ACA00C33CCD /* FingerprintLock.app */,
			);
			name = Products;
			sourceTree = "<group>";
		};
		8461F99A202B5ACA00C33CCD /* FingerprintLock */ = {
			isa = PBXGroup;
			children = (
				8461F99B202B5ACA00C33CCD /* AppDelegate.swift */,
				8461F99D202B5ACA00C33CCD /* ViewController.swift */,
				8461F99F202B5ACA00C33CCD /* Main.storyboard */,
				8461F9A2202B5ACA00C33CCD /* Assets.xcassets */,
				8461F9A4202B5ACA00C33CCD /* LaunchScreen.storyboard */,
				8461F9A7202B5ACA00C33CCD /* Info.plist */,
			);
			path = FingerprintLock;
			sourceTree = "<group>";
		};
/* End PBXGroup section */

/* Begin PBXNativeTarget section */
		8461F997202B5ACA00C33CCD /* FingerprintLock */ = {
			isa = PBXNativeTarget;
			buildConfigurationList = 8461F9AA202B5ACA00C33CCD /* Build configuration list for PBXNativeTarget "FingerprintLock" */;
			buildPhases = (
				8461F994202B5ACA00C33CCD /* Sources */,
				8461F995202B5ACA00C33CCD /* Frameworks */,
				8461F996202B5ACA00C33CCD /* Resources */,
			);
			buildRules = (
			);
			dependencies = (
			);
			name = FingerprintLock;
			productName = FingerprintLock;
			productReference = 8461F998202B5ACA00C33CCD /* FingerprintLock.app */;
			productType = "com.apple.product-type.application";
		};
/* End PBXNativeTarget section */

/* Begin PBXProject section */
		8461F990202B5ACA00C33CCD /* Project object */ = {
			isa = PBXProject;
			attributes = {
				LastSwiftUpdateCheck = 0910;
				LastUpgradeCheck = 0910;
				ORGANIZATIONNAME = Vishal;
				TargetAttributes = {
					8461F997202B5ACA00C33CCD = {
						CreatedOnToolsVersion = 9.1;
						ProvisioningStyle = Manual;
					};
				};
			};
			buildConfigurationList = 8461F993202B5ACA00C33CCD /* Build configuration list for PBXProject "FingerprintLock" */;
			compatibilityVersion = "Xcode 8.0";
			developmentRegion = en;
			hasScannedForEncodings = 0;
			knownRegions = (
				en,
				Base,
			);
			mainGroup = 8461F98F202B5ACA00C33CCD;
			productRefGroup = 8461F999202B5ACA00C33CCD /* Products */;
			projectDirPath = "";
			projectRoot = "";
			targets = (
				8461F997202B5ACA00C33CCD /* FingerprintLock */,
			);
		};
/* End PBXProject section */

/* Begin PBXResourcesBuildPhase section */
		8461F996202B5ACA00C33CCD /* Resources */ = {
			isa = PBXResourcesBuildPhase;
			buildActionMask = 2147483647;
			files = (
				8461F9A6202B5ACA00C33CCD /* LaunchScreen.storyboard in Resources */,
				8461F9A3202B5ACA00C33CCD /* Assets.xcassets in Resources */,
				8461F9A1202B5ACA00C33CCD /* Main.storyboard in Resources */,
			);
			runOnlyForDeploymentPostprocessing = 0;
		};
/* End PBXResourcesBuildPhase section */

/* Begin PBXSourcesBuildPhase section */
		8461F994202B5ACA00C33CCD /* Sources */ = {
			isa = PBXSourcesBuildPhase;
			buildActionMask = 2147483647;
			files = (
				8461F99E202B5ACA00C33CCD /* ViewController.swift in Sources */,
				8461F99C202B5ACA00C33CCD /* AppDelegate.swift in Sources */,
			);
			runOnlyForDeploymentPostprocessing = 0;
		};
/* End PBXSourcesBuildPhase section */

/* Begin PBXVariantGroup section */
		8461F99F202B5ACA00C33CCD /* Main.storyboard */ = {
			isa = PBXVariantGroup;
			children = (
				8461F9A0202B5ACA00C33CCD /* Base */,
			);
			name = Main.storyboard;
			sourceTree = "<group>";
		};
		8461F9A4202B5ACA00C33CCD /* LaunchScreen.storyboard */ = {
			isa = PBXVariantGroup;
			children = (
				8461F9A5202B5ACA00C33CCD /* Base */,
			);
			name = LaunchScreen.storyboard;
			sourceTree = "<group>";
		};
/* End PBXVariantGroup section */

/* Begin XCBuildConfiguration section */
		8461F9A8202B5ACA00C33CCD /* Debug */ = {
			isa = XCBuildConfiguration;
			buildSettings = {
				ALWAYS_SEARCH_USER_PATHS = NO;
				CLANG_ANALYZER_NONNULL = YES;
				CLANG_ANALYZER_NUMBER_OBJECT_CONVERSION = YES_AGGRESSIVE;
				CLANG_CXX_LANGUAGE_STANDARD = "gnu++14";
				CLANG_CXX_LIBRARY = "libc++";
				CLANG_ENABLE_MODULES = YES;
				CLANG_ENABLE_OBJC_ARC = YES;
				CLANG_WARN_BLOCK_CAPTURE_AUTORELEASING = YES;
				CLANG_WARN_BOOL_CONVERSION = YES;
				CLANG_WARN_COMMA = YES;
				CLANG_WARN_CONSTANT_CONVERSION = YES;
				CLANG_WARN_DIRECT_OBJC_ISA_USAGE = YES_ERROR;
				CLANG_WARN_DOCUMENTATION_COMMENTS = YES;
				CLANG_WARN_EMPTY_BODY = YES;
				CLANG_WARN_ENUM_CONVERSION = YES;
				CLANG_WARN_INFINITE_RECURSION = YES;
				CLANG_WARN_INT_CONVERSION = YES;
				CLANG_WARN_NON_LITERAL_NULL_CONVERSION = YES;
				CLANG_WARN_OBJC_LITERAL_CONVERSION = YES;
				CLANG_WARN_OBJC_ROOT_CLASS = YES_ERROR;
				CLANG_WARN_RANGE_LOOP_ANALYSIS = YES;
				CLANG_WARN_STRICT_PROTOTYPES = YES;
				CLANG_WARN_SUSPICIOUS_MOVE = YES;
				CLANG_WARN_UNGUARDED_AVAILABILITY = YES_AGGRESSIVE;
				CLANG_WARN_UNREACHABLE_CODE = YES;
				CLANG_WARN__DUPLICATE_METHOD_MATCH = YES;
				CODE_SIGN_IDENTITY = "iPhone Developer";
				COPY_PHASE_STRIP = NO;
				DEBUG_INFORMATION_FORMAT = dwarf;
				ENABLE_STRICT_OBJC_MSGSEND = YES;
				ENABLE_TESTABILITY = YES;
				GCC_C_LANGUAGE_STANDARD = gnu11;
				GCC_DYNAMIC_NO_PIC = NO;
				GCC_NO_COMMON_BLOCKS = YES;
				GCC_OPTIMIZATION_LEVEL = 0;
				GCC_PREPROCESSOR_DEFINITIONS = (
					"DEBUG=1",
					"$(inherited)",
				);
				GCC_WARN_64_TO_32_BIT_CONVERSION = YES;
				GCC_WARN_ABOUT_RETURN_TYPE = YES_ERROR;
				GCC_WARN_UNDECLARED_SELECTOR = YES;
				GCC_WARN_UNINITIALIZED_AUTOS = YES_AGGRESSIVE;
				GCC_WARN_UNUSED_FUNCTION = YES;
				GCC_WARN_UNUSED_VARIABLE = YES;
				IPHONEOS_DEPLOYMENT_TARGET = 11.1;
				MTL_ENABLE_DEBUG_INFO = YES;
				ONLY_ACTIVE_ARCH = YES;
				SDKROOT = iphoneos;
				SWIFT_ACTIVE_COMPILATION_CONDITIONS = DEBUG;
				SWIFT_OPTIMIZATION_LEVEL = "-Onone";
			};
			name = Debug;
		};
		8461F9A9202B5ACA00C33CCD /* Release */ = {
			isa = XCBuildConfiguration;
			buildSettings = {
				ALWAYS_SEARCH_USER_PATHS = NO;
				CLANG_ANALYZER_NONNULL = YES;
				CLANG_ANALYZER_NUMBER_OBJECT_CONVERSION = YES_AGGRESSIVE;
				CLANG_CXX_LANGUAGE_STANDARD = "gnu++14";
				CLANG_CXX_LIBRARY = "libc++";
				CLANG_ENABLE_MODULES = YES;
				CLANG_ENABLE_OBJC_ARC = YES;
				CLANG_WARN_BLOCK_CAPTURE_AUTORELEASING = YES;
				CLANG_WARN_BOOL_CONVERSION = YES;
				CLANG_WARN_COMMA = YES;
				CLANG_WARN_CONSTANT_CONVERSION = YES;
				CLANG_WARN_DIRECT_OBJC_ISA_USAGE = YES_ERROR;
				CLANG_WARN_DOCUMENTATION_COMMENTS = YES;
				CLANG_WARN_EMPTY_BODY = YES;
				CLANG_WARN_ENUM_CONVERSION = YES;
				CLANG_WARN_INFINITE_RECURSION = YES;
				CLANG_WARN_INT_CONVERSION = YES;
				CLANG_WARN_NON_LITERAL_NULL_CONVERSION = YES;
				CLANG_WARN_OBJC_LITERAL_CONVERSION = YES;
				CLANG_WARN_OBJC_ROOT_CLASS = YES_ERROR;
				CLANG_WARN_RANGE_LOOP_ANALYSIS = YES;
				CLANG_WARN_STRICT_PROTOTYPES = YES;
				CLANG_WARN_SUSPICIOUS_MOVE = YES;
				CLANG_WARN_UNGUARDED_AVAILABILITY = YES_AGGRESSIVE;
				CLANG_WARN_UNREACHABLE_CODE = YES;
				CLANG_WARN__DUPLICATE_METHOD_MATCH = YES;
				CODE_SIGN_IDENTITY = "iPhone Developer";
				COPY_PHASE_STRIP = NO;
				DEBUG_INFORMATION_FORMAT = "dwarf-with-dsym";
				ENABLE_NS_ASSERTIONS = NO;
				ENABLE_STRICT_OBJC_MSGSEND = YES;
				GCC_C_LANGUAGE_STANDARD = gnu11;
				GCC_NO_COMMON_BLOCKS = YES;
				GCC_WARN_64_TO_32_BIT_CONVERSION = YES;
				GCC_WARN_ABOUT_RETURN_TYPE = YES_ERROR;
				GCC_WARN_UNDECLARED_SELECTOR = YES;
				GCC_WARN_UNINITIALIZED_AUTOS = YES_AGGRESSIVE;
				GCC_WARN_UNUSED_FUNCTION = YES;
				GCC_WARN_UNUSED_VARIABLE = YES;
				IPHONEOS_DEPLOYMENT_TARGET = 11.1;
				MTL_ENABLE_DEBUG_INFO = NO;
				SDKROOT = iphoneos;
				SWIFT_OPTIMIZATION_LEVEL = "-Owholemodule";
				VALIDATE_PRODUCT = YES;
			};
			name = Release;
		};
		8461F9AB202B5ACA00C33CCD /* Debug */ = {
			isa = XCBuildConfiguration;
			buildSettings = {
				ASSETCATALOG_COMPILER_APPICON_NAME = AppIcon;
				CODE_SIGN_STYLE = Manual;
				DEVELOPMENT_TEAM = "";
				INFOPLIST_FILE = FingerprintLock/Info.plist;
				LD_RUNPATH_SEARCH_PATHS = "$(inherited) @executable_path/Frameworks";
				PRODUCT_BUNDLE_IDENTIFIER = com.FingerprintLock;
				PRODUCT_NAME = "$(TARGET_NAME)";
				PROVISIONING_PROFILE_SPECIFIER = "";
				SWIFT_VERSION = 4.0;
				TARGETED_DEVICE_FAMILY = "1,2";
			};
			name = Debug;
		};
		8461F9AC202B5ACA00C33CCD /* Release */ = {
			isa = XCBuildConfiguration;
			buildSettings = {
				ASSETCATALOG_COMPILER_APPICON_NAME = AppIcon;
				CODE_SIGN_STYLE = Manual;
				DEVELOPMENT_TEAM = "";
				INFOPLIST_FILE = FingerprintLock/Info.plist;
				LD_RUNPATH_SEARCH_PATHS = "$(inherited) @executable_path/Frameworks";
				PRODUCT_BUNDLE_IDENTIFIER = com.FingerprintLock;
				PRODUCT_NAME = "$(TARGET_NAME)";
				PROVISIONING_PROFILE_SPECIFIER = "";
				SWIFT_VERSION = 4.0;
				TARGETED_DEVICE_FAMILY = "1,2";
			};
			name = Release;
		};
/* End XCBuildConfiguration section */

/* Begin XCConfigurationList section */
		8461F993202B5ACA00C33CCD /* Build configuration list for PBXProject "FingerprintLock" */ = {
			isa = XCConfigurationList;
			buildConfigurations = (
				8461F9A8202B5ACA00C33CCD /* Debug */,
				8461F9A9202B5ACA00C33CCD /* Release */,
			);
			defaultConfigurationIsVisible = 0;
			defaultConfigurationName = Release;
		};
		8461F9AA202B5ACA00C33CCD /* Build configuration list for PBXNativeTarget "FingerprintLock" */ = {
			isa = XCConfigurationList;
			buildConfigurations = (
				8461F9AB202B5ACA00C33CCD /* Debug */,
				8461F9AC202B5ACA00C33CCD /* Release */,
			);
			defaultConfigurationIsVisible = 0;
			defaultConfigurationName = Release;
		};
/* End XCConfigurationList section */
	};
	rootObject = 8461F990202B5ACA00C33CCD /* Project object */;
}
